
Microsoft Visual Studio Solution File, Format Version 12.00
# Visual Studio 15
VisualStudioVersion = 15.0.28307.1231
MinimumVisualStudioVersion = 10.0.40219.1
Project("{FAE04EC0-301F-11D3-BF4B-00C04F79EFBC}") = "pooMensagem", "pooMensagem\pooMensagem.csproj", "{6C27DFC2-11DD-4E6B-9126-66A83A8CBC0B}"
EndProject
Global
	GlobalSection(SolutionConfigurationPlatforms) = preSolution
		Debug|Any CPU = Debug|Any CPU
		Release|Any CPU = Release|Any CPU
	EndGlobalSection
	GlobalSection(ProjectConfigurationPlatforms) = postSolution
		{6C27DFC2-11DD-4E6B-9126-66A83A8CBC0B}.Debug|Any CPU.ActiveCfg = Debug|Any CPU
		{6C27DFC2-11DD-4E6B-9126-66A83A8CBC0B}.Debug|Any CPU.Build.0 = Debug|Any CPU
		{6C27DFC2-11DD-4E6B-9126-66A83A8CBC0B}.Release|Any CPU.ActiveCfg = Release|Any CPU
		{6C27DFC2-11DD-4E6B-9126-66A83A8CBC0B}.Release|Any CPU.Build.0 = Release|Any CPU
	EndGlobalSection
	GlobalSection(SolutionProperties) = preSolution
		HideSolutionNode = FALSE
	EndGlobalSection
	GlobalSection(ExtensibilityGlobals) = postSolution
		SolutionGuid = {44D2AFAB-AF76-45A6-B33A-6C313FB599DD}
	EndGlobalSection
EndGlobal
